
Microsoft Visual Studio Solution File, Format Version 12.00
# Visual Studio Version 16
VisualStudioVersion = 16.0.31112.23
MinimumVisualStudioVersion = 10.0.40219.1
Project("{FAE04EC0-301F-11D3-BF4B-00C04F79EFBC}") = "BenriShop", "BenriShop.csproj", "{C22C8176-057E-4C68-8F14-674ED10773CA}"
EndProject
Global
	GlobalSection(SolutionConfigurationPlatforms) = preSolution
		Debug|Any CPU = Debug|Any CPU
		Release|Any CPU = Release|Any CPU
	EndGlobalSection
	GlobalSection(ProjectConfigurationPlatforms) = postSolution
		{C22C8176-057E-4C68-8F14-674ED10773CA}.Debug|Any CPU.ActiveCfg = Debug|Any CPU
		{C22C8176-057E-4C68-8F14-674ED10773CA}.Debug|Any CPU.Build.0 = Debug|Any CPU
		{C22C8176-057E-4C68-8F14-674ED10773CA}.Release|Any CPU.ActiveCfg = Release|Any CPU
		{C22C8176-057E-4C68-8F14-674ED10773CA}.Release|Any CPU.Build.0 = Release|Any CPU
	EndGlobalSection
	GlobalSection(SolutionProperties) = preSolution
		HideSolutionNode = FALSE
	EndGlobalSection
	GlobalSection(ExtensibilityGlobals) = postSolution
		SolutionGuid = {8B5528F2-23BD-4B93-AE3D-C1D7221D463B}
	EndGlobalSection
EndGlobal
